
Microsoft Visual Studio Solution File, Format Version 12.00
# Visual Studio Version 17
VisualStudioVersion = 17.14.36915.13 d17.14
MinimumVisualStudioVersion = 10.0.40219.1
Project("{FAE04EC0-301F-11D3-BF4B-00C04F79EFBC}") = "Registro_Pacientes_JualyFabre_20251896", "Registro_Pacientes_JualyFabre_20251896\Registro_Pacientes_JualyFabre_20251896.csproj", "{B03004EC-3CF4-40A6-970B-4CDF0D5316EB}"
EndProject
Global
	GlobalSection(SolutionConfigurationPlatforms) = preSolution
		Debug|Any CPU = Debug|Any CPU
		Release|Any CPU = Release|Any CPU
	EndGlobalSection
	GlobalSection(ProjectConfigurationPlatforms) = postSolution
		{B03004EC-3CF4-40A6-970B-4CDF0D5316EB}.Debug|Any CPU.ActiveCfg = Debug|Any CPU
		{B03004EC-3CF4-40A6-970B-4CDF0D5316EB}.Debug|Any CPU.Build.0 = Debug|Any CPU
		{B03004EC-3CF4-40A6-970B-4CDF0D5316EB}.Release|Any CPU.ActiveCfg = Release|Any CPU
		{B03004EC-3CF4-40A6-970B-4CDF0D5316EB}.Release|Any CPU.Build.0 = Release|Any CPU
	EndGlobalSection
	GlobalSection(SolutionProperties) = preSolution
		HideSolutionNode = FALSE
	EndGlobalSection
	GlobalSection(ExtensibilityGlobals) = postSolution
		SolutionGuid = {F50AE865-AE81-49AC-8082-7EDED8B3E132}
	EndGlobalSection
EndGlobal
